{
  "name": "realtorios",
  "version": "1.0.0",
  "lockfileVersion": 1,
  "requires": true,
  "dependencies": {
    "devbox-linq": {
      "version": "4.0.7",
      "resolved": "https://registry.npmjs.org/devbox-linq/-/devbox-linq-4.0.7.tgz",
      "integrity": "sha512-10xLZ02FLf9iuOZu6531iINu2pVrtch4nDtYyYS7BRNzVTNVwLl3ehukJSOfLGBSjQVCIifuBqxLzqy08HPj2Q=="
    }
  }
}
